
Microsoft Visual Studio Solution File, Format Version 11.00
# Visual Studio 2010
Project("{2150E333-8FDC-42A3-9474-1A3956D46DE8}") = "src", "src", "{2B89544C-4CDD-4E37-A9EA-F3CC072C8527}"
EndProject
Project("{2150E333-8FDC-42A3-9474-1A3956D46DE8}") = "tests", "tests", "{FD470CCA-D411-4C9B-B1E9-DE3B5A545EA4}"
EndProject
Project("{FAE04EC0-301F-11D3-BF4B-00C04F79EFBC}") = "SampleMvc.Business", "src\SampleMvc.Business\SampleMvc.Business.csproj", "{62B555EC-4B06-4DE6-AD13-62B6CEFF0855}"
EndProject
Project("{FAE04EC0-301F-11D3-BF4B-00C04F79EFBC}") = "SampleMvc.Web", "src\SampleMvc.Web\SampleMvc.Web.csproj", "{17D3C0F9-66AB-4239-8819-895EAC4C7517}"
EndProject
Project("{2150E333-8FDC-42A3-9474-1A3956D46DE8}") = "lib", "lib", "{B4858429-D59F-4D8D-9536-C49840A922E0}"
	ProjectSection(SolutionItems) = preProject
		lib\Antlr3.Runtime.dll = lib\Antlr3.Runtime.dll
		lib\AutoMapper.dll = lib\AutoMapper.dll
		lib\Castle.Core.dll = lib\Castle.Core.dll
		lib\Castle.Core.xml = lib\Castle.Core.xml
		lib\Common.Logging.dll = lib\Common.Logging.dll
		lib\FluentNHibernate.dll = lib\FluentNHibernate.dll
		lib\FluentNHibernate.pdb = lib\FluentNHibernate.pdb
		lib\FluentNHibernate.XML = lib\FluentNHibernate.XML
		lib\FluentValidation.dll = lib\FluentValidation.dll
		lib\FluentValidation.Mvc.dll = lib\FluentValidation.Mvc.dll
		lib\FluentValidation.Mvc.pdb = lib\FluentValidation.Mvc.pdb
		lib\FluentValidation.pdb = lib\FluentValidation.pdb
		lib\FluentValidation.XML = lib\FluentValidation.XML
		lib\Iesi.Collections.dll = lib\Iesi.Collections.dll
		lib\Iesi.Collections.pdb = lib\Iesi.Collections.pdb
		lib\Iesi.Collections.xml = lib\Iesi.Collections.xml
		lib\Microsoft.Web.Mvc.dll = lib\Microsoft.Web.Mvc.dll
		lib\MvcContrib.dll = lib\MvcContrib.dll
		lib\MvcContrib.TestHelper.dll = lib\MvcContrib.TestHelper.dll
		lib\MvcContrib.TestHelper.xml = lib\MvcContrib.TestHelper.xml
		lib\MvcContrib.XML = lib\MvcContrib.XML
		lib\NHibernate.ByteCode.Castle.dll = lib\NHibernate.ByteCode.Castle.dll
		lib\NHibernate.ByteCode.Castle.pdb = lib\NHibernate.ByteCode.Castle.pdb
		lib\NHibernate.ByteCode.Castle.xml = lib\NHibernate.ByteCode.Castle.xml
		lib\NHibernate.dll = lib\NHibernate.dll
		lib\NHibernate.pdb = lib\NHibernate.pdb
		lib\NHibernate.xml = lib\NHibernate.xml
		lib\Rhino.Mocks.dll = lib\Rhino.Mocks.dll
		lib\Spring.Aop.dll = lib\Spring.Aop.dll
		lib\Spring.Aop.pdb = lib\Spring.Aop.pdb
		lib\Spring.Aop.xml = lib\Spring.Aop.xml
		lib\Spring.Core.dll = lib\Spring.Core.dll
		lib\Spring.Core.pdb = lib\Spring.Core.pdb
		lib\Spring.Core.xml = lib\Spring.Core.xml
		lib\Spring.Data.dll = lib\Spring.Data.dll
		lib\Spring.Data.NHibernate30.dll = lib\Spring.Data.NHibernate30.dll
		lib\Spring.Data.NHibernate30.pdb = lib\Spring.Data.NHibernate30.pdb
		lib\Spring.Data.NHibernate30.xml = lib\Spring.Data.NHibernate30.xml
		lib\Spring.Data.pdb = lib\Spring.Data.pdb
		lib\Spring.Data.xml = lib\Spring.Data.xml
		lib\System.Data.SQLite.DLL = lib\System.Data.SQLite.DLL
	EndProjectSection
EndProject
Project("{FAE04EC0-301F-11D3-BF4B-00C04F79EFBC}") = "SampleMvc.Business.Tests", "tests\SampleMvc.Business.Tests\SampleMvc.Business.Tests.csproj", "{518177B9-546E-4D90-999C-9EBA8C5FDB2D}"
EndProject
Project("{2150E333-8FDC-42A3-9474-1A3956D46DE8}") = "Solution Items", "Solution Items", "{4EFBBF89-6CBB-48CD-988D-AF3E34276DEC}"
	ProjectSection(SolutionItems) = preProject
		Local.testsettings = Local.testsettings
		README = README
		SampleMvc.vsmdi = SampleMvc.vsmdi
		TraceAndTestImpact.testsettings = TraceAndTestImpact.testsettings
	EndProjectSection
EndProject
Project("{FAE04EC0-301F-11D3-BF4B-00C04F79EFBC}") = "SampleMvc.Web.Tests", "tests\SampleMvc.Web.Tests\SampleMvc.Web.Tests.csproj", "{ED61406E-C845-4577-B6F5-0A621B79B65B}"
EndProject
Global
	GlobalSection(TestCaseManagementSettings) = postSolution
		CategoryFile = SampleMvc.vsmdi
	EndGlobalSection
	GlobalSection(SolutionConfigurationPlatforms) = preSolution
		Debug|Any CPU = Debug|Any CPU
		Release|Any CPU = Release|Any CPU
	EndGlobalSection
	GlobalSection(ProjectConfigurationPlatforms) = postSolution
		{62B555EC-4B06-4DE6-AD13-62B6CEFF0855}.Debug|Any CPU.ActiveCfg = Debug|Any CPU
		{62B555EC-4B06-4DE6-AD13-62B6CEFF0855}.Debug|Any CPU.Build.0 = Debug|Any CPU
		{62B555EC-4B06-4DE6-AD13-62B6CEFF0855}.Release|Any CPU.ActiveCfg = Release|Any CPU
		{62B555EC-4B06-4DE6-AD13-62B6CEFF0855}.Release|Any CPU.Build.0 = Release|Any CPU
		{17D3C0F9-66AB-4239-8819-895EAC4C7517}.Debug|Any CPU.ActiveCfg = Debug|Any CPU
		{17D3C0F9-66AB-4239-8819-895EAC4C7517}.Debug|Any CPU.Build.0 = Debug|Any CPU
		{17D3C0F9-66AB-4239-8819-895EAC4C7517}.Release|Any CPU.ActiveCfg = Release|Any CPU
		{17D3C0F9-66AB-4239-8819-895EAC4C7517}.Release|Any CPU.Build.0 = Release|Any CPU
		{518177B9-546E-4D90-999C-9EBA8C5FDB2D}.Debug|Any CPU.ActiveCfg = Debug|Any CPU
		{518177B9-546E-4D90-999C-9EBA8C5FDB2D}.Debug|Any CPU.Build.0 = Debug|Any CPU
		{518177B9-546E-4D90-999C-9EBA8C5FDB2D}.Release|Any CPU.ActiveCfg = Release|Any CPU
		{518177B9-546E-4D90-999C-9EBA8C5FDB2D}.Release|Any CPU.Build.0 = Release|Any CPU
		{ED61406E-C845-4577-B6F5-0A621B79B65B}.Debug|Any CPU.ActiveCfg = Debug|Any CPU
		{ED61406E-C845-4577-B6F5-0A621B79B65B}.Debug|Any CPU.Build.0 = Debug|Any CPU
		{ED61406E-C845-4577-B6F5-0A621B79B65B}.Release|Any CPU.ActiveCfg = Release|Any CPU
		{ED61406E-C845-4577-B6F5-0A621B79B65B}.Release|Any CPU.Build.0 = Release|Any CPU
	EndGlobalSection
	GlobalSection(SolutionProperties) = preSolution
		HideSolutionNode = FALSE
	EndGlobalSection
	GlobalSection(NestedProjects) = preSolution
		{62B555EC-4B06-4DE6-AD13-62B6CEFF0855} = {2B89544C-4CDD-4E37-A9EA-F3CC072C8527}
		{17D3C0F9-66AB-4239-8819-895EAC4C7517} = {2B89544C-4CDD-4E37-A9EA-F3CC072C8527}
		{518177B9-546E-4D90-999C-9EBA8C5FDB2D} = {FD470CCA-D411-4C9B-B1E9-DE3B5A545EA4}
		{ED61406E-C845-4577-B6F5-0A621B79B65B} = {FD470CCA-D411-4C9B-B1E9-DE3B5A545EA4}
	EndGlobalSection
EndGlobal
